
Microsoft Visual Studio Solution File, Format Version 12.00
# Visual Studio Version 16
VisualStudioVersion = 16.0.29424.173
MinimumVisualStudioVersion = 10.0.40219.1
Project("{FAE04EC0-301F-11D3-BF4B-00C04F79EFBC}") = "Hamster", "Hamster\Hamster.csproj", "{AEACAA07-20EB-4310-B4E9-0A47AD17AC89}"
EndProject
Global
	GlobalSection(SolutionConfigurationPlatforms) = preSolution
		Debug|Any CPU = Debug|Any CPU
		Release|Any CPU = Release|Any CPU
	EndGlobalSection
	GlobalSection(ProjectConfigurationPlatforms) = postSolution
		{AEACAA07-20EB-4310-B4E9-0A47AD17AC89}.Debug|Any CPU.ActiveCfg = Debug|Any CPU
		{AEACAA07-20EB-4310-B4E9-0A47AD17AC89}.Debug|Any CPU.Build.0 = Debug|Any CPU
		{AEACAA07-20EB-4310-B4E9-0A47AD17AC89}.Release|Any CPU.ActiveCfg = Release|Any CPU
		{AEACAA07-20EB-4310-B4E9-0A47AD17AC89}.Release|Any CPU.Build.0 = Release|Any CPU
	EndGlobalSection
	GlobalSection(SolutionProperties) = preSolution
		HideSolutionNode = FALSE
	EndGlobalSection
	GlobalSection(ExtensibilityGlobals) = postSolution
		SolutionGuid = {F42A2FCF-365F-4455-867F-4387E18B0EE0}
	EndGlobalSection
EndGlobal
